<?xml version="1.0" encoding="utf-8"?>
<Project ToolsVersion="4.0" xmlns="http://schemas.microsoft.com/developer/msbuild/2003">
  <ItemGroup>
    <Filter Include="Source Files">
      <UniqueIdentifier>{82e8a286-a4ec-4095-84f6-1c06b83bb795}</UniqueIdentifier>
      <Extensions>cpp;c;cxx;rc;def;r;odl;idl;hpj;bat</Extensions>
    </Filter>
    <Filter Include="Header Files">
      <UniqueIdentifier>{581d8e64-6672-4c00-82c3-81173bb3edaf}</UniqueIdentifier>
      <Extensions>h;hpp;hxx;hm;inl</Extensions>
    </Filter>
  </ItemGroup>
  <ItemGroup>
    <ClCompile Include="src\Basics.cpp">
      <Filter>Source Files</Filter>
    </ClCompile>
    <ClCompile Include="src\NonLinLsSolver.cpp">
      <Filter>Source Files</Filter>
    </ClCompile>
    <ClCompile Include="src\ProgressReporter.cpp">
      <Filter>Source Files</Filter>
    </ClCompile>
    <ClCompile Include="src\Rect.cpp">
      <Filter>Source Files</Filter>
    </ClCompile>
    <ClCompile Include="src\Trf.cpp">
      <Filter>Source Files</Filter>
    </ClCompile>
    <ClCompile Include="src\TrfTrain.cpp">
      <Filter>Source Files</Filter>
    </ClCompile>
    <ClCompile Include="src\Vec.cpp">
      <Filter>Source Files</Filter>
    </ClCompile>
  </ItemGroup>
  <ItemGroup>
    <ClInclude Include="..\inc\1.0\Base64.h">
      <Filter>Header Files</Filter>
    </ClInclude>
    <ClInclude Include="..\inc\1.0\Basics.h">
      <Filter>Header Files</Filter>
    </ClInclude>
    <ClInclude Include="..\inc\1.0\NonLinLsSolver.h">
      <Filter>Header Files</Filter>
    </ClInclude>
    <ClInclude Include="..\inc\1.0\Rect.h">
      <Filter>Header Files</Filter>
    </ClInclude>
    <ClInclude Include="..\inc\1.0\Trf.h">
      <Filter>Header Files</Filter>
    </ClInclude>
    <ClInclude Include="..\inc\1.0\TrfTrain.h">
      <Filter>Header Files</Filter>
    </ClInclude>
    <ClInclude Include="..\inc\1.0\Vec.h">
      <Filter>Header Files</Filter>
    </ClInclude>
    <ClInclude Include="..\inc\1.0\Array.h">
      <Filter>Header Files</Filter>
    </ClInclude>
    <ClInclude Include="..\inc\1.0\ArrayImp.h">
      <Filter>Header Files</Filter>
    </ClInclude>
    <ClInclude Include="..\inc\1.0\ArrayTraits.h">
      <Filter>Header Files</Filter>
    </ClInclude>
  </ItemGroup>
</Project>